Microsoft Visual Studio Solution File, Format Version 12.00
# Visual Studio Version 17
VisualStudioVersion = 17.5.2.0
MinimumVisualStudioVersion = 10.0.40219.1
Project("{FAE04EC0-301F-11D3-BF4B-00C04F79EFBC}") = "IPTV-Player", "IPTV-Player.csproj", "{67C7745D-AFFE-6A5C-6A22-DC581E96AEC5}"
EndProject
Global
	GlobalSection(SolutionConfigurationPlatforms) = preSolution
		Debug|Any CPU = Debug|Any CPU
		Release|Any CPU = Release|Any CPU
	EndGlobalSection
	GlobalSection(ProjectConfigurationPlatforms) = postSolution
		{67C7745D-AFFE-6A5C-6A22-DC581E96AEC5}.Debug|Any CPU.ActiveCfg = Debug|Any CPU
		{67C7745D-AFFE-6A5C-6A22-DC581E96AEC5}.Debug|Any CPU.Build.0 = Debug|Any CPU
		{67C7745D-AFFE-6A5C-6A22-DC581E96AEC5}.Release|Any CPU.ActiveCfg = Release|Any CPU
		{67C7745D-AFFE-6A5C-6A22-DC581E96AEC5}.Release|Any CPU.Build.0 = Release|Any CPU
	EndGlobalSection
	GlobalSection(SolutionProperties) = preSolution
		HideSolutionNode = FALSE
	EndGlobalSection
	GlobalSection(ExtensibilityGlobals) = postSolution
		SolutionGuid = {041AF20A-0129-4F1D-913E-280A3F38EF89}
	EndGlobalSection
EndGlobal
